
Microsoft Visual Studio Solution File, Format Version 12.00
# Visual Studio Version 16
VisualStudioVersion = 16.0.31515.178
MinimumVisualStudioVersion = 10.0.40219.1
Project("{FAE04EC0-301F-11D3-BF4B-00C04F79EFBC}") = "PPPK_WPF_Esports_2", "PPPK_WPF_Esports_2\PPPK_WPF_Esports_2.csproj", "{70F8F25F-BDA3-4D2A-AEDC-9329B55C5C6C}"
EndProject
Project("{FAE04EC0-301F-11D3-BF4B-00C04F79EFBC}") = "SimpleEncrypter", "SimpleEncrypter\SimpleEncrypter.csproj", "{C1620B65-758A-4058-8F49-BF489106D31A}"
EndProject
Global
	GlobalSection(SolutionConfigurationPlatforms) = preSolution
		Debug|Any CPU = Debug|Any CPU
		Release|Any CPU = Release|Any CPU
	EndGlobalSection
	GlobalSection(ProjectConfigurationPlatforms) = postSolution
		{70F8F25F-BDA3-4D2A-AEDC-9329B55C5C6C}.Debug|Any CPU.ActiveCfg = Debug|Any CPU
		{70F8F25F-BDA3-4D2A-AEDC-9329B55C5C6C}.Debug|Any CPU.Build.0 = Debug|Any CPU
		{70F8F25F-BDA3-4D2A-AEDC-9329B55C5C6C}.Release|Any CPU.ActiveCfg = Release|Any CPU
		{70F8F25F-BDA3-4D2A-AEDC-9329B55C5C6C}.Release|Any CPU.Build.0 = Release|Any CPU
		{C1620B65-758A-4058-8F49-BF489106D31A}.Debug|Any CPU.ActiveCfg = Debug|Any CPU
		{C1620B65-758A-4058-8F49-BF489106D31A}.Debug|Any CPU.Build.0 = Debug|Any CPU
		{C1620B65-758A-4058-8F49-BF489106D31A}.Release|Any CPU.ActiveCfg = Release|Any CPU
		{C1620B65-758A-4058-8F49-BF489106D31A}.Release|Any CPU.Build.0 = Release|Any CPU
	EndGlobalSection
	GlobalSection(SolutionProperties) = preSolution
		HideSolutionNode = FALSE
	EndGlobalSection
	GlobalSection(ExtensibilityGlobals) = postSolution
		SolutionGuid = {14EC4F31-171E-45E7-BF82-43EBEDD9EC84}
	EndGlobalSection
EndGlobal
